
Microsoft Visual Studio Solution File, Format Version 12.00
# Visual Studio 15
VisualStudioVersion = 15.0.28307.2017
MinimumVisualStudioVersion = 10.0.40219.1
Project("{FAE04EC0-301F-11D3-BF4B-00C04F79EFBC}") = "AllinaHealth.Web", "src\AllinaHealth.Web\AllinaHealth.Web.csproj", "{4DC88C55-4E07-4DFB-8C2C-26B08943ACB3}"
EndProject
Global
	GlobalSection(SolutionConfigurationPlatforms) = preSolution
		Debug|Any CPU = Debug|Any CPU
		Release|Any CPU = Release|Any CPU
	EndGlobalSection
	GlobalSection(ProjectConfigurationPlatforms) = postSolution
		{4DC88C55-4E07-4DFB-8C2C-26B08943ACB3}.Debug|Any CPU.ActiveCfg = Debug|Any CPU
		{4DC88C55-4E07-4DFB-8C2C-26B08943ACB3}.Debug|Any CPU.Build.0 = Debug|Any CPU
		{4DC88C55-4E07-4DFB-8C2C-26B08943ACB3}.Release|Any CPU.ActiveCfg = Release|Any CPU
		{4DC88C55-4E07-4DFB-8C2C-26B08943ACB3}.Release|Any CPU.Build.0 = Release|Any CPU
	EndGlobalSection
	GlobalSection(SolutionProperties) = preSolution
		HideSolutionNode = FALSE
	EndGlobalSection
	GlobalSection(ExtensibilityGlobals) = postSolution
		SolutionGuid = {39D00B7C-5EBD-429F-B788-512EDA386D4B}
	EndGlobalSection
EndGlobal
